
Microsoft Visual Studio Solution File, Format Version 12.00
# Visual Studio Version 17
VisualStudioVersion = 17.12.35728.132 d17.12
MinimumVisualStudioVersion = 10.0.40219.1
Project("{FAE04EC0-301F-11D3-BF4B-00C04F79EFBC}") = "SuperAdventure", "SuperAdventure.csproj", "{61832C76-C366-4BD4-AC01-D41D3216CA01}"
EndProject
Project("{FAE04EC0-301F-11D3-BF4B-00C04F79EFBC}") = "Engine", "..\ClassLibraryAdventure\Engine.csproj", "{5C2B392B-904D-49BC-BB11-7A994F9B79C1}"
EndProject
Global
	GlobalSection(SolutionConfigurationPlatforms) = preSolution
		Debug|Any CPU = Debug|Any CPU
		Release|Any CPU = Release|Any CPU
	EndGlobalSection
	GlobalSection(ProjectConfigurationPlatforms) = postSolution
		{61832C76-C366-4BD4-AC01-D41D3216CA01}.Debug|Any CPU.ActiveCfg = Debug|Any CPU
		{61832C76-C366-4BD4-AC01-D41D3216CA01}.Debug|Any CPU.Build.0 = Debug|Any CPU
		{61832C76-C366-4BD4-AC01-D41D3216CA01}.Release|Any CPU.ActiveCfg = Release|Any CPU
		{61832C76-C366-4BD4-AC01-D41D3216CA01}.Release|Any CPU.Build.0 = Release|Any CPU
		{5C2B392B-904D-49BC-BB11-7A994F9B79C1}.Debug|Any CPU.ActiveCfg = Debug|Any CPU
		{5C2B392B-904D-49BC-BB11-7A994F9B79C1}.Debug|Any CPU.Build.0 = Debug|Any CPU
		{5C2B392B-904D-49BC-BB11-7A994F9B79C1}.Release|Any CPU.ActiveCfg = Release|Any CPU
		{5C2B392B-904D-49BC-BB11-7A994F9B79C1}.Release|Any CPU.Build.0 = Release|Any CPU
	EndGlobalSection
	GlobalSection(SolutionProperties) = preSolution
		HideSolutionNode = FALSE
	EndGlobalSection
EndGlobal
